PODS:
  - GCCalendar (1.0.0)

DEPENDENCIES:
  - GCCalendar (from `https://github.com/graycampbell/GCCalendar.git`)

EXTERNAL SOURCES:
  GCCalendar:
    :git: https://github.com/graycampbell/GCCalendar.git

CHECKOUT OPTIONS:
  GCCalendar:
    :commit: 9ac01610c8e9441ef494a840b8a6bad1ff6bcb34
    :git: https://github.com/graycampbell/GCCalendar.git

SPEC CHECKSUMS:
  GCCalendar: a374219015bf1d09d23ac3c4af3d3ebfc7df81ce

COCOAPODS: 0.39.0
